# This file was autogenerated by Stack.
# You should not edit this file by hand.
# For more information, please see the documentation at:
#   https://docs.haskellstack.org/en/stable/topics/lock_files

packages:
- completed:
    hackage: co-log-concurrent-0.5.1.0@sha256:1a4c36bb62a208af1da23b70c895259d401e3c58582ca3f88202a1e0e99bf59e,2824
    pantry-tree:
      sha256: 14e3ad598b5c28f497c9ad027e99b4b1467de2bd900f4452c60587ed23f27126
      size: 366
  original:
    hackage: co-log-concurrent-0.5.1.0@sha256:1a4c36bb62a208af1da23b70c895259d401e3c58582ca3f88202a1e0e99bf59e,2824
snapshots:
- completed:
    sha256: 400dfb2174640dd2f9f2ba7cbf9148699f2380ab64faa46f4be298a5d6205316
    size: 684057
    url: https://raw.githubusercontent.com/commercialhaskell/stackage-snapshots/master/lts/23/24.yaml
  original: lts-23.24
